# This file is automatically @generated by Cargo.
# It is not intended for manual editing.
version = 3

[[package]]
name = "idna_mapping"
version = "0.0.0"
dependencies = [
 "unicode-joining-type",
]

[[package]]
name = "unicode-joining-type"
version = "0.7.0"
source = "registry+https://github.com/rust-lang/crates.io-index"
checksum = "22f8cb47ccb8bc750808755af3071da4a10dcd147b68fc874b7ae4b12543f6f5"
